
Microsoft Visual Studio Solution File, Format Version 12.00
# Visual Studio Version 17
VisualStudioVersion = 17.7.33711.374
MinimumVisualStudioVersion = 10.0.40219.1
Project("{9A19103F-16F7-4668-BE54-9A1E7A4F7556}") = "Core", "Core\Core.csproj", "{F9704276-A820-42BA-B5F4-3B16D1BC0B02}"
EndProject
Project("{9A19103F-16F7-4668-BE54-9A1E7A4F7556}") = "Data", "Data\Data.csproj", "{68F0A055-9689-4D5E-82C6-FAE03B69551F}"
EndProject
Project("{9A19103F-16F7-4668-BE54-9A1E7A4F7556}") = "Operation", "Operation\Operation.csproj", "{BD1E25AD-4E11-4A32-93DB-EA0A393BC6E7}"
EndProject
Project("{9A19103F-16F7-4668-BE54-9A1E7A4F7556}") = "Schema", "Schema\Schema.csproj", "{EDD665B7-9342-427E-AA15-8FDEDBD4732F}"
EndProject
Project("{9A19103F-16F7-4668-BE54-9A1E7A4F7556}") = "WebAPI", "WebAPI\WebAPI.csproj", "{DD2223F1-181F-4E9E-91D3-D35EA0B81E29}"
EndProject
Global
	GlobalSection(SolutionConfigurationPlatforms) = preSolution
		Debug|Any CPU = Debug|Any CPU
		Release|Any CPU = Release|Any CPU
	EndGlobalSection
	GlobalSection(ProjectConfigurationPlatforms) = postSolution
		{F9704276-A820-42BA-B5F4-3B16D1BC0B02}.Debug|Any CPU.ActiveCfg = Debug|Any CPU
		{F9704276-A820-42BA-B5F4-3B16D1BC0B02}.Debug|Any CPU.Build.0 = Debug|Any CPU
		{F9704276-A820-42BA-B5F4-3B16D1BC0B02}.Release|Any CPU.ActiveCfg = Release|Any CPU
		{F9704276-A820-42BA-B5F4-3B16D1BC0B02}.Release|Any CPU.Build.0 = Release|Any CPU
		{68F0A055-9689-4D5E-82C6-FAE03B69551F}.Debug|Any CPU.ActiveCfg = Debug|Any CPU
		{68F0A055-9689-4D5E-82C6-FAE03B69551F}.Debug|Any CPU.Build.0 = Debug|Any CPU
		{68F0A055-9689-4D5E-82C6-FAE03B69551F}.Release|Any CPU.ActiveCfg = Release|Any CPU
		{68F0A055-9689-4D5E-82C6-FAE03B69551F}.Release|Any CPU.Build.0 = Release|Any CPU
		{BD1E25AD-4E11-4A32-93DB-EA0A393BC6E7}.Debug|Any CPU.ActiveCfg = Debug|Any CPU
		{BD1E25AD-4E11-4A32-93DB-EA0A393BC6E7}.Debug|Any CPU.Build.0 = Debug|Any CPU
		{BD1E25AD-4E11-4A32-93DB-EA0A393BC6E7}.Release|Any CPU.ActiveCfg = Release|Any CPU
		{BD1E25AD-4E11-4A32-93DB-EA0A393BC6E7}.Release|Any CPU.Build.0 = Release|Any CPU
		{EDD665B7-9342-427E-AA15-8FDEDBD4732F}.Debug|Any CPU.ActiveCfg = Debug|Any CPU
		{EDD665B7-9342-427E-AA15-8FDEDBD4732F}.Debug|Any CPU.Build.0 = Debug|Any CPU
		{EDD665B7-9342-427E-AA15-8FDEDBD4732F}.Release|Any CPU.ActiveCfg = Release|Any CPU
		{EDD665B7-9342-427E-AA15-8FDEDBD4732F}.Release|Any CPU.Build.0 = Release|Any CPU
		{DD2223F1-181F-4E9E-91D3-D35EA0B81E29}.Debug|Any CPU.ActiveCfg = Debug|Any CPU
		{DD2223F1-181F-4E9E-91D3-D35EA0B81E29}.Debug|Any CPU.Build.0 = Debug|Any CPU
		{DD2223F1-181F-4E9E-91D3-D35EA0B81E29}.Release|Any CPU.ActiveCfg = Release|Any CPU
		{DD2223F1-181F-4E9E-91D3-D35EA0B81E29}.Release|Any CPU.Build.0 = Release|Any CPU
	EndGlobalSection
	GlobalSection(SolutionProperties) = preSolution
		HideSolutionNode = FALSE
	EndGlobalSection
	GlobalSection(ExtensibilityGlobals) = postSolution
		SolutionGuid = {22542ABE-BB0B-4BD7-AD07-4ADC9CC2EDE4}
	EndGlobalSection
EndGlobal
